
Microsoft Visual Studio Solution File, Format Version 12.00
# Visual Studio Version 16
VisualStudioVersion = 16.0.29102.190
MinimumVisualStudioVersion = 10.0.40219.1
Project("{FAE04EC0-301F-11D3-BF4B-00C04F79EFBC}") = "SistemaSuperSecreto", "SistemaSuperSecreto\SistemaSuperSecreto.csproj", "{5DC1671F-613C-4161-81BA-A40BA7D402F4}"
EndProject
Global
	GlobalSection(SolutionConfigurationPlatforms) = preSolution
		Debug|Any CPU = Debug|Any CPU
		Release|Any CPU = Release|Any CPU
	EndGlobalSection
	GlobalSection(ProjectConfigurationPlatforms) = postSolution
		{5DC1671F-613C-4161-81BA-A40BA7D402F4}.Debug|Any CPU.ActiveCfg = Debug|Any CPU
		{5DC1671F-613C-4161-81BA-A40BA7D402F4}.Debug|Any CPU.Build.0 = Debug|Any CPU
		{5DC1671F-613C-4161-81BA-A40BA7D402F4}.Release|Any CPU.ActiveCfg = Release|Any CPU
		{5DC1671F-613C-4161-81BA-A40BA7D402F4}.Release|Any CPU.Build.0 = Release|Any CPU
	EndGlobalSection
	GlobalSection(SolutionProperties) = preSolution
		HideSolutionNode = FALSE
	EndGlobalSection
	GlobalSection(ExtensibilityGlobals) = postSolution
		SolutionGuid = {21FE667A-A411-4ACA-9C6B-1F7076B35EF7}
	EndGlobalSection
EndGlobal
